# This file is autogenerated, do not edit; changes may be undone by the next 'dep ensure'.


[[projects]]
  name = "github.com/dgrijalva/jwt-go"
  packages = ["."]
  revision = "06ea1031745cb8b3dab3f6a236daf2b0aa468b7e"
  version = "v3.2.0"

[[projects]]
  branch = "master"
  name = "github.com/nine-bytes/util"
  packages = ["."]
  revision = "5a106f95aa95d9145c82b159af42ff29f36d2c08"

[solve-meta]
  analyzer-name = "dep"
  analyzer-version = 1
  inputs-digest = "74eac634c2de14d8997c9c7ad9b8e77f2a7b041439bc0283ece40593f10abb48"
  solver-name = "gps-cdcl"
  solver-version = 1
